
Microsoft Visual Studio Solution File, Format Version 12.00
# Visual Studio Version 16
VisualStudioVersion = 16.0.34031.81
MinimumVisualStudioVersion = 10.0.40219.1
Project("{FAE04EC0-301F-11D3-BF4B-00C04F79EFBC}") = "TodoApp", "TodoApp.csproj", "{72F431AA-443E-4BB6-A97C-812422413550}"
EndProject
Global
	GlobalSection(SolutionConfigurationPlatforms) = preSolution
		Debug|Any CPU = Debug|Any CPU
		Release|Any CPU = Release|Any CPU
	EndGlobalSection
	GlobalSection(ProjectConfigurationPlatforms) = postSolution
		{72F431AA-443E-4BB6-A97C-812422413550}.Debug|Any CPU.ActiveCfg = Debug|Any CPU
		{72F431AA-443E-4BB6-A97C-812422413550}.Debug|Any CPU.Build.0 = Debug|Any CPU
		{72F431AA-443E-4BB6-A97C-812422413550}.Release|Any CPU.ActiveCfg = Release|Any CPU
		{72F431AA-443E-4BB6-A97C-812422413550}.Release|Any CPU.Build.0 = Release|Any CPU
	EndGlobalSection
	GlobalSection(SolutionProperties) = preSolution
		HideSolutionNode = FALSE
	EndGlobalSection
	GlobalSection(ExtensibilityGlobals) = postSolution
		SolutionGuid = {AC5BDEB9-BA68-4E45-B32D-D5B4CBAE371F}
	EndGlobalSection
EndGlobal
